
Microsoft Visual Studio Solution File, Format Version 12.00
# Visual Studio Version 16
VisualStudioVersion = 16.0.29403.142
MinimumVisualStudioVersion = 10.0.40219.1
Project("{FAE04EC0-301F-11D3-BF4B-00C04F79EFBC}") = "scrapyAngleTestApp", "scrapyAngleTestApp\scrapyAngleTestApp.csproj", "{2BB7D654-FFC4-4BB0-8F2D-9BD28C9A5174}"
EndProject
Project("{FAE04EC0-301F-11D3-BF4B-00C04F79EFBC}") = "SiteSpecificScrapers", "SiteSpecificScrapers\SiteSpecificScrapers.csproj", "{0A918BAA-6B86-4F71-92D3-3C67873D57A9}"
EndProject
Project("{FAE04EC0-301F-11D3-BF4B-00C04F79EFBC}") = "CoreConsole", "CoreConsole\CoreConsole.csproj", "{6D6FEC2D-F2D8-4AF2-8ED9-798793DA8F75}"
EndProject
Global
	GlobalSection(SolutionConfigurationPlatforms) = preSolution
		Debug|Any CPU = Debug|Any CPU
		Release|Any CPU = Release|Any CPU
	EndGlobalSection
	GlobalSection(ProjectConfigurationPlatforms) = postSolution
		{2BB7D654-FFC4-4BB0-8F2D-9BD28C9A5174}.Debug|Any CPU.ActiveCfg = Debug|Any CPU
		{2BB7D654-FFC4-4BB0-8F2D-9BD28C9A5174}.Debug|Any CPU.Build.0 = Debug|Any CPU
		{2BB7D654-FFC4-4BB0-8F2D-9BD28C9A5174}.Release|Any CPU.ActiveCfg = Release|Any CPU
		{2BB7D654-FFC4-4BB0-8F2D-9BD28C9A5174}.Release|Any CPU.Build.0 = Release|Any CPU
		{0A918BAA-6B86-4F71-92D3-3C67873D57A9}.Debug|Any CPU.ActiveCfg = Debug|Any CPU
		{0A918BAA-6B86-4F71-92D3-3C67873D57A9}.Debug|Any CPU.Build.0 = Debug|Any CPU
		{0A918BAA-6B86-4F71-92D3-3C67873D57A9}.Release|Any CPU.ActiveCfg = Release|Any CPU
		{0A918BAA-6B86-4F71-92D3-3C67873D57A9}.Release|Any CPU.Build.0 = Release|Any CPU
		{6D6FEC2D-F2D8-4AF2-8ED9-798793DA8F75}.Debug|Any CPU.ActiveCfg = Debug|Any CPU
		{6D6FEC2D-F2D8-4AF2-8ED9-798793DA8F75}.Debug|Any CPU.Build.0 = Debug|Any CPU
		{6D6FEC2D-F2D8-4AF2-8ED9-798793DA8F75}.Release|Any CPU.ActiveCfg = Release|Any CPU
		{6D6FEC2D-F2D8-4AF2-8ED9-798793DA8F75}.Release|Any CPU.Build.0 = Release|Any CPU
	EndGlobalSection
	GlobalSection(SolutionProperties) = preSolution
		HideSolutionNode = FALSE
	EndGlobalSection
	GlobalSection(ExtensibilityGlobals) = postSolution
		SolutionGuid = {47453D8D-2C5A-4B05-84C5-C5A91E4E5565}
	EndGlobalSection
EndGlobal
